
Microsoft Visual Studio Solution File, Format Version 12.00
# Visual Studio Version 17
VisualStudioVersion = 17.5.002.0
MinimumVisualStudioVersion = 10.0.40219.1
Project("{9A19103F-16F7-4668-BE54-9A1E7A4F7556}") = "Develop04", "Develop04.csproj", "{957629E3-DD71-4118-B777-F38F45019302}"
EndProject
Global
	GlobalSection(SolutionConfigurationPlatforms) = preSolution
		Debug|Any CPU = Debug|Any CPU
		Release|Any CPU = Release|Any CPU
	EndGlobalSection
	GlobalSection(ProjectConfigurationPlatforms) = postSolution
		{957629E3-DD71-4118-B777-F38F45019302}.Debug|Any CPU.ActiveCfg = Debug|Any CPU
		{957629E3-DD71-4118-B777-F38F45019302}.Debug|Any CPU.Build.0 = Debug|Any CPU
		{957629E3-DD71-4118-B777-F38F45019302}.Release|Any CPU.ActiveCfg = Release|Any CPU
		{957629E3-DD71-4118-B777-F38F45019302}.Release|Any CPU.Build.0 = Release|Any CPU
	EndGlobalSection
	GlobalSection(SolutionProperties) = preSolution
		HideSolutionNode = FALSE
	EndGlobalSection
	GlobalSection(ExtensibilityGlobals) = postSolution
		SolutionGuid = {7C1FFA13-4421-43DF-916D-EB97E4304CAC}
	EndGlobalSection
EndGlobal
